
Microsoft Visual Studio Solution File, Format Version 12.00
# Visual Studio Version 17
VisualStudioVersion = 17.14.36811.4 d17.14
MinimumVisualStudioVersion = 10.0.40219.1
Project("{FAE04EC0-301F-11D3-BF4B-00C04F79EFBC}") = "WebApplication1", "WebApplication1\WebApplication1.csproj", "{DAE0E945-D3AB-499A-BFF1-168C9883543A}"
EndProject
Global
	GlobalSection(SolutionConfigurationPlatforms) = preSolution
		Debug|Any CPU = Debug|Any CPU
		Release|Any CPU = Release|Any CPU
	EndGlobalSection
	GlobalSection(ProjectConfigurationPlatforms) = postSolution
		{DAE0E945-D3AB-499A-BFF1-168C9883543A}.Debug|Any CPU.ActiveCfg = Debug|Any CPU
		{DAE0E945-D3AB-499A-BFF1-168C9883543A}.Debug|Any CPU.Build.0 = Debug|Any CPU
		{DAE0E945-D3AB-499A-BFF1-168C9883543A}.Release|Any CPU.ActiveCfg = Release|Any CPU
		{DAE0E945-D3AB-499A-BFF1-168C9883543A}.Release|Any CPU.Build.0 = Release|Any CPU
	EndGlobalSection
	GlobalSection(SolutionProperties) = preSolution
		HideSolutionNode = FALSE
	EndGlobalSection
	GlobalSection(ExtensibilityGlobals) = postSolution
		SolutionGuid = {4D2E7ACF-5BE6-4DC8-8E4E-49FE1C928A8B}
	EndGlobalSection
EndGlobal
